
Microsoft Visual Studio Solution File, Format Version 12.00
# Visual Studio Version 16
VisualStudioVersion = 16.0.34301.259
MinimumVisualStudioVersion = 10.0.40219.1
Project("{FAE04EC0-301F-11D3-BF4B-00C04F79EFBC}") = "TourApi", "TourApi\TourApi.csproj", "{FE240E22-1D2C-4261-8513-32133D249AF1}"
EndProject
Global
	GlobalSection(SolutionConfigurationPlatforms) = preSolution
		Debug|Any CPU = Debug|Any CPU
		Release|Any CPU = Release|Any CPU
	EndGlobalSection
	GlobalSection(ProjectConfigurationPlatforms) = postSolution
		{FE240E22-1D2C-4261-8513-32133D249AF1}.Debug|Any CPU.ActiveCfg = Debug|Any CPU
		{FE240E22-1D2C-4261-8513-32133D249AF1}.Debug|Any CPU.Build.0 = Debug|Any CPU
		{FE240E22-1D2C-4261-8513-32133D249AF1}.Release|Any CPU.ActiveCfg = Release|Any CPU
		{FE240E22-1D2C-4261-8513-32133D249AF1}.Release|Any CPU.Build.0 = Release|Any CPU
	EndGlobalSection
	GlobalSection(SolutionProperties) = preSolution
		HideSolutionNode = FALSE
	EndGlobalSection
	GlobalSection(ExtensibilityGlobals) = postSolution
		SolutionGuid = {2D360A1A-006F-4C7D-ACC1-5EBB074A750F}
	EndGlobalSection
EndGlobal
